# This file was autogenerated by Stack.
# You should not edit this file by hand.
# For more information, please see the documentation at:
#   https://docs.haskellstack.org/en/stable/lock_files

packages:
- completed:
    commit: 1c625ea3462fe957e23daefcf5bb98e410b7bff8
    git: https://github.com/kevorr/haskell-lib-test
    name: haskell-lib-test-wrapper
    pantry-tree:
      sha256: 0dbf77bad1be53f67b3d290496af5bd9fc2eccba4b1c492a60d244b456d88e49
      size: 351
    subdir: haskell-wrapper
    version: 0.0.0
  original:
    commit: 1c625ea3462fe957e23daefcf5bb98e410b7bff8
    git: https://github.com/kevorr/haskell-lib-test
    subdir: haskell-wrapper
snapshots:
- completed:
    sha256: 2fdd7d3e54540062ef75ca0a73ca3a804c527dbf8a4cadafabf340e66ac4af40
    size: 712469
    url: https://raw.githubusercontent.com/commercialhaskell/stackage-snapshots/master/lts/22/11.yaml
  original: lts-22.11
